
Microsoft Visual Studio Solution File, Format Version 12.00
# Visual Studio Version 16
VisualStudioVersion = 16.0.31613.86
MinimumVisualStudioVersion = 10.0.40219.1
Project("{FAE04EC0-301F-11D3-BF4B-00C04F79EFBC}") = "GitDemo", "GitDemo\GitDemo.csproj", "{96EA9771-E8A8-4632-9699-6897AC77EE3D}"
EndProject
Global
	GlobalSection(SolutionConfigurationPlatforms) = preSolution
		Debug|Any CPU = Debug|Any CPU
		Release|Any CPU = Release|Any CPU
	EndGlobalSection
	GlobalSection(ProjectConfigurationPlatforms) = postSolution
		{96EA9771-E8A8-4632-9699-6897AC77EE3D}.Debug|Any CPU.ActiveCfg = Debug|Any CPU
		{96EA9771-E8A8-4632-9699-6897AC77EE3D}.Debug|Any CPU.Build.0 = Debug|Any CPU
		{96EA9771-E8A8-4632-9699-6897AC77EE3D}.Release|Any CPU.ActiveCfg = Release|Any CPU
		{96EA9771-E8A8-4632-9699-6897AC77EE3D}.Release|Any CPU.Build.0 = Release|Any CPU
	EndGlobalSection
	GlobalSection(SolutionProperties) = preSolution
		HideSolutionNode = FALSE
	EndGlobalSection
	GlobalSection(ExtensibilityGlobals) = postSolution
		SolutionGuid = {2A86041C-120F-4433-9C62-2AE0DF055547}
	EndGlobalSection
EndGlobal
